// !$*UTF8*$!
{
	archiveVersion = 1;
	classes = {
	};
	objectVersion = 55;
	objects = {

/* Begin PBXBuildFile section */
		A834CC912796271000596EF8 /* TabbedPagerViewApp.swift in Sources */ = {isa = PBXBuildFile; fileRef = A834CC902796271000596EF8 /* TabbedPagerViewApp.swift */; };
		A834CC952796271C00596EF8 /* Assets.xcassets in Resources */ = {isa = PBXBuildFile; fileRef = A834CC942796271C00596EF8 /* Assets.xcassets */; };
		A834CC982796271C00596EF8 /* Preview Assets.xcassets in Resources */ = {isa = PBXBuildFile; fileRef = A834CC972796271C00596EF8 /* Preview Assets.xcassets */; };
		A834CCA22796271D00596EF8 /* TabbedPagerViewTests.swift in Sources */ = {isa = PBXBuildFile; fileRef = A834CCA12796271D00596EF8 /* TabbedPagerViewTests.swift */; };
		A834CCAC2796271D00596EF8 /* TabbedPagerViewUITests.swift in Sources */ = {isa = PBXBuildFile; fileRef = A834CCAB2796271D00596EF8 /* TabbedPagerViewUITests.swift */; };
		A834CCAE2796271D00596EF8 /* TabbedPagerViewUITestsLaunchTests.swift in Sources */ = {isa = PBXBuildFile; fileRef = A834CCAD2796271D00596EF8 /* TabbedPagerViewUITestsLaunchTests.swift */; };
		A834CCBB2796276100596EF8 /* TabbedPagerView.swift in Sources */ = {isa = PBXBuildFile; fileRef = A834CCBA2796276100596EF8 /* TabbedPagerView.swift */; };
		A834CCBD2796276D00596EF8 /* HeaderView.swift in Sources */ = {isa = PBXBuildFile; fileRef = A834CCBC2796276D00596EF8 /* HeaderView.swift */; };
		A834CCBF2796277500596EF8 /* PagerView.swift in Sources */ = {isa = PBXBuildFile; fileRef = A834CCBE2796277500596EF8 /* PagerView.swift */; };
		A834CCC1279627AE00596EF8 /* Tab.swift in Sources */ = {isa = PBXBuildFile; fileRef = A834CCC0279627AE00596EF8 /* Tab.swift */; };
/* End PBXBuildFile section */

/* Begin PBXContainerItemProxy section */
		A834CC9E2796271D00596EF8 /* PBXContainerItemProxy */ = {
			isa = PBXContainerItemProxy;
			containerPortal = A834CC852796271000596EF8 /* Project object */;
			proxyType = 1;
			remoteGlobalIDString = A834CC8C2796271000596EF8;
			remoteInfo = TabbedPagerView;
		};
		A834CCA82796271D00596EF8 /* PBXContainerItemProxy */ = {
			isa = PBXContainerItemProxy;
			containerPortal = A834CC852796271000596EF8 /* Project object */;
			proxyType = 1;
			remoteGlobalIDString = A834CC8C2796271000596EF8;
			remoteInfo = TabbedPagerView;
		};
/* End PBXContainerItemProxy section */

/* Begin PBXFileReference section */
		A834CC8D2796271000596EF8 /* TabbedPagerView.app */ = {isa = PBXFileReference; explicitFileType = wrapper.application; includeInIndex = 0; path = TabbedPagerView.app; sourceTree = BUILT_PRODUCTS_DIR; };
		A834CC902796271000596EF8 /* TabbedPagerViewApp.swift */ = {isa = PBXFileReference; lastKnownFileType = sourcecode.swift; path = TabbedPagerViewApp.swift; sourceTree = "<group>"; };
		A834CC942796271C00596EF8 /* Assets.xcassets */ = {isa = PBXFileReference; lastKnownFileType = folder.assetcatalog; path = Assets.xcassets; sourceTree = "<group>"; };
		A834CC972796271C00596EF8 /* Preview Assets.xcassets */ = {isa = PBXFileReference; lastKnownFileType = folder.assetcatalog; path = "Preview Assets.xcassets"; sourceTree = "<group>"; };
		A834CC9D2796271D00596EF8 /* TabbedPagerViewTests.xctest */ = {isa = PBXFileReference; explicitFileType = wrapper.cfbundle; includeInIndex = 0; path = TabbedPagerViewTests.xctest; sourceTree = BUILT_PRODUCTS_DIR; };
		A834CCA12796271D00596EF8 /* TabbedPagerViewTests.swift */ = {isa = PBXFileReference; lastKnownFileType = sourcecode.swift; path = TabbedPagerViewTests.swift; sourceTree = "<group>"; };
		A834CCA72796271D00596EF8 /* TabbedPagerViewUITests.xctest */ = {isa = PBXFileReference; explicitFileType = wrapper.cfbundle; includeInIndex = 0; path = TabbedPagerViewUITests.xctest; sourceTree = BUILT_PRODUCTS_DIR; };
		A834CCAB2796271D00596EF8 /* TabbedPagerViewUITests.swift */ = {isa = PBXFileReference; lastKnownFileType = sourcecode.swift; path = TabbedPagerViewUITests.swift; sourceTree = "<group>"; };
		A834CCAD2796271D00596EF8 /* TabbedPagerViewUITestsLaunchTests.swift */ = {isa = PBXFileReference; lastKnownFileType = sourcecode.swift; path = TabbedPagerViewUITestsLaunchTests.swift; sourceTree = "<group>"; };
		A834CCBA2796276100596EF8 /* TabbedPagerView.swift */ = {isa = PBXFileReference; lastKnownFileType = sourcecode.swift; path = TabbedPagerView.swift; sourceTree = "<group>"; };
		A834CCBC2796276D00596EF8 /* HeaderView.swift */ = {isa = PBXFileReference; lastKnownFileType = sourcecode.swift; path = HeaderView.swift; sourceTree = "<group>"; };
		A834CCBE2796277500596EF8 /* PagerView.swift */ = {isa = PBXFileReference; lastKnownFileType = sourcecode.swift; path = PagerView.swift; sourceTree = "<group>"; };
		A834CCC0279627AE00596EF8 /* Tab.swift */ = {isa = PBXFileReference; lastKnownFileType = sourcecode.swift; path = Tab.swift; sourceTree = "<group>"; };
/* End PBXFileReference section */

/* Begin PBXFrameworksBuildPhase section */
		A834CC8A2796271000596EF8 /* Frameworks */ = {
			isa = PBXFrameworksBuildPhase;
			buildActionMask = 2147483647;
			files = (
			);
			runOnlyForDeploymentPostprocessing = 0;
		};
		A834CC9A2796271D00596EF8 /* Frameworks */ = {
			isa = PBXFrameworksBuildPhase;
			buildActionMask = 2147483647;
			files = (
			);
			runOnlyForDeploymentPostprocessing = 0;
		};
		A834CCA42796271D00596EF8 /* Frameworks */ = {
			isa = PBXFrameworksBuildPhase;
			buildActionMask = 2147483647;
			files = (
			);
			runOnlyForDeploymentPostprocessing = 0;
		};
/* End PBXFrameworksBuildPhase section */

/* Begin PBXGroup section */
		A834CC842796271000596EF8 = {
			isa = PBXGroup;
			children = (
				A834CC8F2796271000596EF8 /* TabbedPagerView */,
				A834CCA02796271D00596EF8 /* TabbedPagerViewTests */,
				A834CCAA2796271D00596EF8 /* TabbedPagerViewUITests */,
				A834CC8E2796271000596EF8 /* Products */,
			);
			sourceTree = "<group>";
		};
		A834CC8E2796271000596EF8 /* Products */ = {
			isa = PBXGroup;
			children = (
				A834CC8D2796271000596EF8 /* TabbedPagerView.app */,
				A834CC9D2796271D00596EF8 /* TabbedPagerViewTests.xctest */,
				A834CCA72796271D00596EF8 /* TabbedPagerViewUITests.xctest */,
			);
			name = Products;
			sourceTree = "<group>";
		};
		A834CC8F2796271000596EF8 /* TabbedPagerView */ = {
			isa = PBXGroup;
			children = (
				A834CC902796271000596EF8 /* TabbedPagerViewApp.swift */,
				A834CC942796271C00596EF8 /* Assets.xcassets */,
				A834CC962796271C00596EF8 /* Preview Content */,
				A834CCBA2796276100596EF8 /* TabbedPagerView.swift */,
				A834CCBC2796276D00596EF8 /* HeaderView.swift */,
				A834CCBE2796277500596EF8 /* PagerView.swift */,
				A834CCC0279627AE00596EF8 /* Tab.swift */,
			);
			path = TabbedPagerView;
			sourceTree = "<group>";
		};
		A834CC962796271C00596EF8 /* Preview Content */ = {
			isa = PBXGroup;
			children = (
				A834CC972796271C00596EF8 /* Preview Assets.xcassets */,
			);
			path = "Preview Content";
			sourceTree = "<group>";
		};
		A834CCA02796271D00596EF8 /* TabbedPagerViewTests */ = {
			isa = PBXGroup;
			children = (
				A834CCA12796271D00596EF8 /* TabbedPagerViewTests.swift */,
			);
			path = TabbedPagerViewTests;
			sourceTree = "<group>";
		};
		A834CCAA2796271D00596EF8 /* TabbedPagerViewUITests */ = {
			isa = PBXGroup;
			children = (
				A834CCAB2796271D00596EF8 /* TabbedPagerViewUITests.swift */,
				A834CCAD2796271D00596EF8 /* TabbedPagerViewUITestsLaunchTests.swift */,
			);
			path = TabbedPagerViewUITests;
			sourceTree = "<group>";
		};
/* End PBXGroup section */

/* Begin PBXNativeTarget section */
		A834CC8C2796271000596EF8 /* TabbedPagerView */ = {
			isa = PBXNativeTarget;
			buildConfigurationList = A834CCB12796271D00596EF8 /* Build configuration list for PBXNativeTarget "TabbedPagerView" */;
			buildPhases = (
				A834CC892796271000596EF8 /* Sources */,
				A834CC8A2796271000596EF8 /* Frameworks */,
				A834CC8B2796271000596EF8 /* Resources */,
			);
			buildRules = (
			);
			dependencies = (
			);
			name = TabbedPagerView;
			productName = TabbedPagerView;
			productReference = A834CC8D2796271000596EF8 /* TabbedPagerView.app */;
			productType = "com.apple.product-type.application";
		};
		A834CC9C2796271D00596EF8 /* TabbedPagerViewTests */ = {
			isa = PBXNativeTarget;
			buildConfigurationList = A834CCB42796271D00596EF8 /* Build configuration list for PBXNativeTarget "TabbedPagerViewTests" */;
			buildPhases = (
				A834CC992796271D00596EF8 /* Sources */,
				A834CC9A2796271D00596EF8 /* Frameworks */,
				A834CC9B2796271D00596EF8 /* Resources */,
			);
			buildRules = (
			);
			dependencies = (
				A834CC9F2796271D00596EF8 /* PBXTargetDependency */,
			);
			name = TabbedPagerViewTests;
			productName = TabbedPagerViewTests;
			productReference = A834CC9D2796271D00596EF8 /* TabbedPagerViewTests.xctest */;
			productType = "com.apple.product-type.bundle.unit-test";
		};
		A834CCA62796271D00596EF8 /* TabbedPagerViewUITests */ = {
			isa = PBXNativeTarget;
			buildConfigurationList = A834CCB72796271D00596EF8 /* Build configuration list for PBXNativeTarget "TabbedPagerViewUITests" */;
			buildPhases = (
				A834CCA32796271D00596EF8 /* Sources */,
				A834CCA42796271D00596EF8 /* Frameworks */,
				A834CCA52796271D00596EF8 /* Resources */,
			);
			buildRules = (
			);
			dependencies = (
				A834CCA92796271D00596EF8 /* PBXTargetDependency */,
			);
			name = TabbedPagerViewUITests;
			productName = TabbedPagerViewUITests;
			productReference = A834CCA72796271D00596EF8 /* TabbedPagerViewUITests.xctest */;
			productType = "com.apple.product-type.bundle.ui-testing";
		};
/* End PBXNativeTarget section */

/* Begin PBXProject section */
		A834CC852796271000596EF8 /* Project object */ = {
			isa = PBXProject;
			attributes = {
				BuildIndependentTargetsInParallel = 1;
				LastSwiftUpdateCheck = 1310;
				LastUpgradeCheck = 1310;
				TargetAttributes = {
					A834CC8C2796271000596EF8 = {
						CreatedOnToolsVersion = 13.1;
					};
					A834CC9C2796271D00596EF8 = {
						CreatedOnToolsVersion = 13.1;
						TestTargetID = A834CC8C2796271000596EF8;
					};
					A834CCA62796271D00596EF8 = {
						CreatedOnToolsVersion = 13.1;
						TestTargetID = A834CC8C2796271000596EF8;
					};
				};
			};
			buildConfigurationList = A834CC882796271000596EF8 /* Build configuration list for PBXProject "TabbedPagerView" */;
			compatibilityVersion = "Xcode 13.0";
			developmentRegion = en;
			hasScannedForEncodings = 0;
			knownRegions = (
				en,
				Base,
			);
			mainGroup = A834CC842796271000596EF8;
			productRefGroup = A834CC8E2796271000596EF8 /* Products */;
			projectDirPath = "";
			projectRoot = "";
			targets = (
				A834CC8C2796271000596EF8 /* TabbedPagerView */,
				A834CC9C2796271D00596EF8 /* TabbedPagerViewTests */,
				A834CCA62796271D00596EF8 /* TabbedPagerViewUITests */,
			);
		};
/* End PBXProject section */

/* Begin PBXResourcesBuildPhase section */
		A834CC8B2796271000596EF8 /* Resources */ = {
			isa = PBXResourcesBuildPhase;
			buildActionMask = 2147483647;
			files = (
				A834CC982796271C00596EF8 /* Preview Assets.xcassets in Resources */,
				A834CC952796271C00596EF8 /* Assets.xcassets in Resources */,
			);
			runOnlyForDeploymentPostprocessing = 0;
		};
		A834CC9B2796271D00596EF8 /* Resources */ = {
			isa = PBXResourcesBuildPhase;
			buildActionMask = 2147483647;
			files = (
			);
			runOnlyForDeploymentPostprocessing = 0;
		};
		A834CCA52796271D00596EF8 /* Resources */ = {
			isa = PBXResourcesBuildPhase;
			buildActionMask = 2147483647;
			files = (
			);
			runOnlyForDeploymentPostprocessing = 0;
		};
/* End PBXResourcesBuildPhase section */

/* Begin PBXSourcesBuildPhase section */
		A834CC892796271000596EF8 /* Sources */ = {
			isa = PBXSourcesBuildPhase;
			buildActionMask = 2147483647;
			files = (
				A834CCBB2796276100596EF8 /* TabbedPagerView.swift in Sources */,
				A834CC912796271000596EF8 /* TabbedPagerViewApp.swift in Sources */,
				A834CCC1279627AE00596EF8 /* Tab.swift in Sources */,
				A834CCBF2796277500596EF8 /* PagerView.swift in Sources */,
				A834CCBD2796276D00596EF8 /* HeaderView.swift in Sources */,
			);
			runOnlyForDeploymentPostprocessing = 0;
		};
		A834CC992796271D00596EF8 /* Sources */ = {
			isa = PBXSourcesBuildPhase;
			buildActionMask = 2147483647;
			files = (
				A834CCA22796271D00596EF8 /* TabbedPagerViewTests.swift in Sources */,
			);
			runOnlyForDeploymentPostprocessing = 0;
		};
		A834CCA32796271D00596EF8 /* Sources */ = {
			isa = PBXSourcesBuildPhase;
			buildActionMask = 2147483647;
			files = (
				A834CCAC2796271D00596EF8 /* TabbedPagerViewUITests.swift in Sources */,
				A834CCAE2796271D00596EF8 /* TabbedPagerViewUITestsLaunchTests.swift in Sources */,
			);
			runOnlyForDeploymentPostprocessing = 0;
		};
/* End PBXSourcesBuildPhase section */

/* Begin PBXTargetDependency section */
		A834CC9F2796271D00596EF8 /* PBXTargetDependency */ = {
			isa = PBXTargetDependency;
			target = A834CC8C2796271000596EF8 /* TabbedPagerView */;
			targetProxy = A834CC9E2796271D00596EF8 /* PBXContainerItemProxy */;
		};
		A834CCA92796271D00596EF8 /* PBXTargetDependency */ = {
			isa = PBXTargetDependency;
			target = A834CC8C2796271000596EF8 /* TabbedPagerView */;
			targetProxy = A834CCA82796271D00596EF8 /* PBXContainerItemProxy */;
		};
/* End PBXTargetDependency section */

/* Begin XCBuildConfiguration section */
		A834CCAF2796271D00596EF8 /* Debug */ = {
			isa = XCBuildConfiguration;
			buildSettings = {
				ALWAYS_SEARCH_USER_PATHS = NO;
				CLANG_ANALYZER_NONNULL = YES;
				CLANG_ANALYZER_NUMBER_OBJECT_CONVERSION = YES_AGGRESSIVE;
				CLANG_CXX_LANGUAGE_STANDARD = "gnu++17";
				CLANG_CXX_LIBRARY = "libc++";
				CLANG_ENABLE_MODULES = YES;
				CLANG_ENABLE_OBJC_ARC = YES;
				CLANG_ENABLE_OBJC_WEAK = YES;
				CLANG_WARN_BLOCK_CAPTURE_AUTORELEASING = YES;
				CLANG_WARN_BOOL_CONVERSION = YES;
				CLANG_WARN_COMMA = YES;
				CLANG_WARN_CONSTANT_CONVERSION = YES;
				CLANG_WARN_DEPRECATED_OBJC_IMPLEMENTATIONS = YES;
				CLANG_WARN_DIRECT_OBJC_ISA_USAGE = YES_ERROR;
				CLANG_WARN_DOCUMENTATION_COMMENTS = YES;
				CLANG_WARN_EMPTY_BODY = YES;
				CLANG_WARN_ENUM_CONVERSION = YES;
				CLANG_WARN_INFINITE_RECURSION = YES;
				CLANG_WARN_INT_CONVERSION = YES;
				CLANG_WARN_NON_LITERAL_NULL_CONVERSION = YES;
				CLANG_WARN_OBJC_IMPLICIT_RETAIN_SELF = YES;
				CLANG_WARN_OBJC_LITERAL_CONVERSION = YES;
				CLANG_WARN_OBJC_ROOT_CLASS = YES_ERROR;
				CLANG_WARN_QUOTED_INCLUDE_IN_FRAMEWORK_HEADER = YES;
				CLANG_WARN_RANGE_LOOP_ANALYSIS = YES;
				CLANG_WARN_STRICT_PROTOTYPES = YES;
				CLANG_WARN_SUSPICIOUS_MOVE = YES;
				CLANG_WARN_UNGUARDED_AVAILABILITY = YES_AGGRESSIVE;
				CLANG_WARN_UNREACHABLE_CODE = YES;
				CLANG_WARN__DUPLICATE_METHOD_MATCH = YES;
				COPY_PHASE_STRIP = NO;
				DEBUG_INFORMATION_FORMAT = dwarf;
				ENABLE_STRICT_OBJC_MSGSEND = YES;
				ENABLE_TESTABILITY = YES;
				GCC_C_LANGUAGE_STANDARD = gnu11;
				GCC_DYNAMIC_NO_PIC = NO;
				GCC_NO_COMMON_BLOCKS = YES;
				GCC_OPTIMIZATION_LEVEL = 0;
				GCC_PREPROCESSOR_DEFINITIONS = (
					"DEBUG=1",
					"$(inherited)",
				);
				GCC_WARN_64_TO_32_BIT_CONVERSION = YES;
				GCC_WARN_ABOUT_RETURN_TYPE = YES_ERROR;
				GCC_WARN_UNDECLARED_SELECTOR = YES;
				GCC_WARN_UNINITIALIZED_AUTOS = YES_AGGRESSIVE;
				GCC_WARN_UNUSED_FUNCTION = YES;
				GCC_WARN_UNUSED_VARIABLE = YES;
				IPHONEOS_DEPLOYMENT_TARGET = 15.0;
				MTL_ENABLE_DEBUG_INFO = INCLUDE_SOURCE;
				MTL_FAST_MATH = YES;
				ONLY_ACTIVE_ARCH = YES;
				SDKROOT = iphoneos;
				SWIFT_ACTIVE_COMPILATION_CONDITIONS = DEBUG;
				SWIFT_OPTIMIZATION_LEVEL = "-Onone";
			};
			name = Debug;
		};
		A834CCB02796271D00596EF8 /* Release */ = {
			isa = XCBuildConfiguration;
			buildSettings = {
				ALWAYS_SEARCH_USER_PATHS = NO;
				CLANG_ANALYZER_NONNULL = YES;
				CLANG_ANALYZER_NUMBER_OBJECT_CONVERSION = YES_AGGRESSIVE;
				CLANG_CXX_LANGUAGE_STANDARD = "gnu++17";
				CLANG_CXX_LIBRARY = "libc++";
				CLANG_ENABLE_MODULES = YES;
				CLANG_ENABLE_OBJC_ARC = YES;
				CLANG_ENABLE_OBJC_WEAK = YES;
				CLANG_WARN_BLOCK_CAPTURE_AUTORELEASING = YES;
				CLANG_WARN_BOOL_CONVERSION = YES;
				CLANG_WARN_COMMA = YES;
				CLANG_WARN_CONSTANT_CONVERSION = YES;
				CLANG_WARN_DEPRECATED_OBJC_IMPLEMENTATIONS = YES;
				CLANG_WARN_DIRECT_OBJC_ISA_USAGE = YES_ERROR;
				CLANG_WARN_DOCUMENTATION_COMMENTS = YES;
				CLANG_WARN_EMPTY_BODY = YES;
				CLANG_WARN_ENUM_CONVERSION = YES;
				CLANG_WARN_INFINITE_RECURSION = YES;
				CLANG_WARN_INT_CONVERSION = YES;
				CLANG_WARN_NON_LITERAL_NULL_CONVERSION = YES;
				CLANG_WARN_OBJC_IMPLICIT_RETAIN_SELF = YES;
				CLANG_WARN_OBJC_LITERAL_CONVERSION = YES;
				CLANG_WARN_OBJC_ROOT_CLASS = YES_ERROR;
				CLANG_WARN_QUOTED_INCLUDE_IN_FRAMEWORK_HEADER = YES;
				CLANG_WARN_RANGE_LOOP_ANALYSIS = YES;
				CLANG_WARN_STRICT_PROTOTYPES = YES;
				CLANG_WARN_SUSPICIOUS_MOVE = YES;
				CLANG_WARN_UNGUARDED_AVAILABILITY = YES_AGGRESSIVE;
				CLANG_WARN_UNREACHABLE_CODE = YES;
				CLANG_WARN__DUPLICATE_METHOD_MATCH = YES;
				COPY_PHASE_STRIP = NO;
				DEBUG_INFORMATION_FORMAT = "dwarf-with-dsym";
				ENABLE_NS_ASSERTIONS = NO;
				ENABLE_STRICT_OBJC_MSGSEND = YES;
				GCC_C_LANGUAGE_STANDARD = gnu11;
				GCC_NO_COMMON_BLOCKS = YES;
				GCC_WARN_64_TO_32_BIT_CONVERSION = YES;
				GCC_WARN_ABOUT_RETURN_TYPE = YES_ERROR;
				GCC_WARN_UNDECLARED_SELECTOR = YES;
				GCC_WARN_UNINITIALIZED_AUTOS = YES_AGGRESSIVE;
				GCC_WARN_UNUSED_FUNCTION = YES;
				GCC_WARN_UNUSED_VARIABLE = YES;
				IPHONEOS_DEPLOYMENT_TARGET = 15.0;
				MTL_ENABLE_DEBUG_INFO = NO;
				MTL_FAST_MATH = YES;
				SDKROOT = iphoneos;
				SWIFT_COMPILATION_MODE = wholemodule;
				SWIFT_OPTIMIZATION_LEVEL = "-O";
				VALIDATE_PRODUCT = YES;
			};
			name = Release;
		};
		A834CCB22796271D00596EF8 /* Debug */ = {
			isa = XCBuildConfiguration;
			buildSettings = {
				ASSETCATALOG_COMPILER_APPICON_NAME = AppIcon;
				ASSETCATALOG_COMPILER_GLOBAL_ACCENT_COLOR_NAME = AccentColor;
				CODE_SIGN_STYLE = Automatic;
				CURRENT_PROJECT_VERSION = 1;
				DEVELOPMENT_ASSET_PATHS = "\"TabbedPagerView/Preview Content\"";
				DEVELOPMENT_TEAM = Y9ZLF8R6XZ;
				ENABLE_PREVIEWS = YES;
				GENERATE_INFOPLIST_FILE = YES;
				INFOPLIST_KEY_UIApplicationSceneManifest_Generation = YES;
				INFOPLIST_KEY_UIApplicationSupportsIndirectInputEvents = YES;
				INFOPLIST_KEY_UILaunchScreen_Generation = YES;
				INFOPLIST_KEY_UISupportedInterfaceOrientations_iPad = "UIInterfaceOrientationPortrait UIInterfaceOrientationPortraitUpsideDown UIInterfaceOrientationLandscapeLeft UIInterfaceOrientationLandscapeRight";
				INFOPLIST_KEY_UISupportedInterfaceOrientations_iPhone = "UIInterfaceOrientationPortrait UIInterfaceOrientationLandscapeLeft UIInterfaceOrientationLandscapeRight";
				LD_RUNPATH_SEARCH_PATHS = (
					"$(inherited)",
					"@executable_path/Frameworks",
				);
				MARKETING_VERSION = 1.0;
				PRODUCT_BUNDLE_IDENTIFIER = brettbauman.TabbedPagerView;
				PRODUCT_NAME = "$(TARGET_NAME)";
				SWIFT_EMIT_LOC_STRINGS = YES;
				SWIFT_VERSION = 5.0;
				TARGETED_DEVICE_FAMILY = "1,2";
			};
			name = Debug;
		};
		A834CCB32796271D00596EF8 /* Release */ = {
			isa = XCBuildConfiguration;
			buildSettings = {
				ASSETCATALOG_COMPILER_APPICON_NAME = AppIcon;
				ASSETCATALOG_COMPILER_GLOBAL_ACCENT_COLOR_NAME = AccentColor;
				CODE_SIGN_STYLE = Automatic;
				CURRENT_PROJECT_VERSION = 1;
				DEVELOPMENT_ASSET_PATHS = "\"TabbedPagerView/Preview Content\"";
				DEVELOPMENT_TEAM = Y9ZLF8R6XZ;
				ENABLE_PREVIEWS = YES;
				GENERATE_INFOPLIST_FILE = YES;
				INFOPLIST_KEY_UIApplicationSceneManifest_Generation = YES;
				INFOPLIST_KEY_UIApplicationSupportsIndirectInputEvents = YES;
				INFOPLIST_KEY_UILaunchScreen_Generation = YES;
				INFOPLIST_KEY_UISupportedInterfaceOrientations_iPad = "UIInterfaceOrientationPortrait UIInterfaceOrientationPortraitUpsideDown UIInterfaceOrientationLandscapeLeft UIInterfaceOrientationLandscapeRight";
				INFOPLIST_KEY_UISupportedInterfaceOrientations_iPhone = "UIInterfaceOrientationPortrait UIInterfaceOrientationLandscapeLeft UIInterfaceOrientationLandscapeRight";
				LD_RUNPATH_SEARCH_PATHS = (
					"$(inherited)",
					"@executable_path/Frameworks",
				);
				MARKETING_VERSION = 1.0;
				PRODUCT_BUNDLE_IDENTIFIER = brettbauman.TabbedPagerView;
				PRODUCT_NAME = "$(TARGET_NAME)";
				SWIFT_EMIT_LOC_STRINGS = YES;
				SWIFT_VERSION = 5.0;
				TARGETED_DEVICE_FAMILY = "1,2";
			};
			name = Release;
		};
		A834CCB52796271D00596EF8 /* Debug */ = {
			isa = XCBuildConfiguration;
			buildSettings = {
				ALWAYS_EMBED_SWIFT_STANDARD_LIBRARIES = YES;
				BUNDLE_LOADER = "$(TEST_HOST)";
				CODE_SIGN_STYLE = Automatic;
				CURRENT_PROJECT_VERSION = 1;
				DEVELOPMENT_TEAM = Y9ZLF8R6XZ;
				GENERATE_INFOPLIST_FILE = YES;
				IPHONEOS_DEPLOYMENT_TARGET = 15.0;
				LD_RUNPATH_SEARCH_PATHS = (
					"$(inherited)",
					"@executable_path/Frameworks",
					"@loader_path/Frameworks",
				);
				MARKETING_VERSION = 1.0;
				PRODUCT_BUNDLE_IDENTIFIER = brettbauman.TabbedPagerViewTests;
				PRODUCT_NAME = "$(TARGET_NAME)";
				SWIFT_EMIT_LOC_STRINGS = NO;
				SWIFT_VERSION = 5.0;
				TARGETED_DEVICE_FAMILY = "1,2";
				TEST_HOST = "$(BUILT_PRODUCTS_DIR)/TabbedPagerView.app/TabbedPagerView";
			};
			name = Debug;
		};
		A834CCB62796271D00596EF8 /* Release */ = {
			isa = XCBuildConfiguration;
			buildSettings = {
				ALWAYS_EMBED_SWIFT_STANDARD_LIBRARIES = YES;
				BUNDLE_LOADER = "$(TEST_HOST)";
				CODE_SIGN_STYLE = Automatic;
				CURRENT_PROJECT_VERSION = 1;
				DEVELOPMENT_TEAM = Y9ZLF8R6XZ;
				GENERATE_INFOPLIST_FILE = YES;
				IPHONEOS_DEPLOYMENT_TARGET = 15.0;
				LD_RUNPATH_SEARCH_PATHS = (
					"$(inherited)",
					"@executable_path/Frameworks",
					"@loader_path/Frameworks",
				);
				MARKETING_VERSION = 1.0;
				PRODUCT_BUNDLE_IDENTIFIER = brettbauman.TabbedPagerViewTests;
				PRODUCT_NAME = "$(TARGET_NAME)";
				SWIFT_EMIT_LOC_STRINGS = NO;
				SWIFT_VERSION = 5.0;
				TARGETED_DEVICE_FAMILY = "1,2";
				TEST_HOST = "$(BUILT_PRODUCTS_DIR)/TabbedPagerView.app/TabbedPagerView";
			};
			name = Release;
		};
		A834CCB82796271D00596EF8 /* Debug */ = {
			isa = XCBuildConfiguration;
			buildSettings = {
				ALWAYS_EMBED_SWIFT_STANDARD_LIBRARIES = YES;
				CODE_SIGN_STYLE = Automatic;
				CURRENT_PROJECT_VERSION = 1;
				DEVELOPMENT_TEAM = Y9ZLF8R6XZ;
				GENERATE_INFOPLIST_FILE = YES;
				LD_RUNPATH_SEARCH_PATHS = (
					"$(inherited)",
					"@executable_path/Frameworks",
					"@loader_path/Frameworks",
				);
				MARKETING_VERSION = 1.0;
				PRODUCT_BUNDLE_IDENTIFIER = brettbauman.TabbedPagerViewUITests;
				PRODUCT_NAME = "$(TARGET_NAME)";
				SWIFT_EMIT_LOC_STRINGS = NO;
				SWIFT_VERSION = 5.0;
				TARGETED_DEVICE_FAMILY = "1,2";
				TEST_TARGET_NAME = TabbedPagerView;
			};
			name = Debug;
		};
		A834CCB92796271D00596EF8 /* Release */ = {
			isa = XCBuildConfiguration;
			buildSettings = {
				ALWAYS_EMBED_SWIFT_STANDARD_LIBRARIES = YES;
				CODE_SIGN_STYLE = Automatic;
				CURRENT_PROJECT_VERSION = 1;
				DEVELOPMENT_TEAM = Y9ZLF8R6XZ;
				GENERATE_INFOPLIST_FILE = YES;
				LD_RUNPATH_SEARCH_PATHS = (
					"$(inherited)",
					"@executable_path/Frameworks",
					"@loader_path/Frameworks",
				);
				MARKETING_VERSION = 1.0;
				PRODUCT_BUNDLE_IDENTIFIER = brettbauman.TabbedPagerViewUITests;
				PRODUCT_NAME = "$(TARGET_NAME)";
				SWIFT_EMIT_LOC_STRINGS = NO;
				SWIFT_VERSION = 5.0;
				TARGETED_DEVICE_FAMILY = "1,2";
				TEST_TARGET_NAME = TabbedPagerView;
			};
			name = Release;
		};
/* End XCBuildConfiguration section */

/* Begin XCConfigurationList section */
		A834CC882796271000596EF8 /* Build configuration list for PBXProject "TabbedPagerView" */ = {
			isa = XCConfigurationList;
			buildConfigurations = (
				A834CCAF2796271D00596EF8 /* Debug */,
				A834CCB02796271D00596EF8 /* Release */,
			);
			defaultConfigurationIsVisible = 0;
			defaultConfigurationName = Release;
		};
		A834CCB12796271D00596EF8 /* Build configuration list for PBXNativeTarget "TabbedPagerView" */ = {
			isa = XCConfigurationList;
			buildConfigurations = (
				A834CCB22796271D00596EF8 /* Debug */,
				A834CCB32796271D00596EF8 /* Release */,
			);
			defaultConfigurationIsVisible = 0;
			defaultConfigurationName = Release;
		};
		A834CCB42796271D00596EF8 /* Build configuration list for PBXNativeTarget "TabbedPagerViewTests" */ = {
			isa = XCConfigurationList;
			buildConfigurations = (
				A834CCB52796271D00596EF8 /* Debug */,
				A834CCB62796271D00596EF8 /* Release */,
			);
			defaultConfigurationIsVisible = 0;
			defaultConfigurationName = Release;
		};
		A834CCB72796271D00596EF8 /* Build configuration list for PBXNativeTarget "TabbedPagerViewUITests" */ = {
			isa = XCConfigurationList;
			buildConfigurations = (
				A834CCB82796271D00596EF8 /* Debug */,
				A834CCB92796271D00596EF8 /* Release */,
			);
			defaultConfigurationIsVisible = 0;
			defaultConfigurationName = Release;
		};
/* End XCConfigurationList section */
	};
	rootObject = A834CC852796271000596EF8 /* Project object */;
}
